
Microsoft Visual Studio Solution File, Format Version 12.00
# Visual Studio Version 17
VisualStudioVersion = 17.4.33205.214
MinimumVisualStudioVersion = 10.0.40219.1
Project("{FAE04EC0-301F-11D3-BF4B-00C04F79EFBC}") = "Pharmacy Automation", "Pharmacy Automation.csproj", "{562A1F78-3D72-40FB-B3CB-01CB04235BFD}"
EndProject
Global
	GlobalSection(SolutionConfigurationPlatforms) = preSolution
		Debug|Any CPU = Debug|Any CPU
		Release|Any CPU = Release|Any CPU
	EndGlobalSection
	GlobalSection(ProjectConfigurationPlatforms) = postSolution
		{562A1F78-3D72-40FB-B3CB-01CB04235BFD}.Debug|Any CPU.ActiveCfg = Debug|Any CPU
		{562A1F78-3D72-40FB-B3CB-01CB04235BFD}.Debug|Any CPU.Build.0 = Debug|Any CPU
		{562A1F78-3D72-40FB-B3CB-01CB04235BFD}.Release|Any CPU.ActiveCfg = Release|Any CPU
		{562A1F78-3D72-40FB-B3CB-01CB04235BFD}.Release|Any CPU.Build.0 = Release|Any CPU
	EndGlobalSection
	GlobalSection(SolutionProperties) = preSolution
		HideSolutionNode = FALSE
	EndGlobalSection
	GlobalSection(ExtensibilityGlobals) = postSolution
		SolutionGuid = {48BF2B39-3193-43D8-AA87-12ACECE79BDD}
	EndGlobalSection
EndGlobal
